
Microsoft Visual Studio Solution File, Format Version 12.00
# Visual Studio Version 17
VisualStudioVersion = 17.10.35122.118
MinimumVisualStudioVersion = 10.0.40219.1
Project("{FAE04EC0-301F-11D3-BF4B-00C04F79EFBC}") = "useComboBox", "useComboBox.csproj", "{1EC4BA1D-B5AA-4479-8B65-9E627291BBE3}"
EndProject
Global
	GlobalSection(SolutionConfigurationPlatforms) = preSolution
		Debug|Any CPU = Debug|Any CPU
		Release|Any CPU = Release|Any CPU
	EndGlobalSection
	GlobalSection(ProjectConfigurationPlatforms) = postSolution
		{1EC4BA1D-B5AA-4479-8B65-9E627291BBE3}.Debug|Any CPU.ActiveCfg = Debug|Any CPU
		{1EC4BA1D-B5AA-4479-8B65-9E627291BBE3}.Debug|Any CPU.Build.0 = Debug|Any CPU
		{1EC4BA1D-B5AA-4479-8B65-9E627291BBE3}.Release|Any CPU.ActiveCfg = Release|Any CPU
		{1EC4BA1D-B5AA-4479-8B65-9E627291BBE3}.Release|Any CPU.Build.0 = Release|Any CPU
	EndGlobalSection
	GlobalSection(SolutionProperties) = preSolution
		HideSolutionNode = FALSE
	EndGlobalSection
	GlobalSection(ExtensibilityGlobals) = postSolution
		SolutionGuid = {73A8ABD7-FCE6-45F0-94CB-13B13E871F18}
	EndGlobalSection
EndGlobal
